PODS:
  - Flutter (1.0.0)
  - FlutterPluginRegistrant (0.0.1):
    - Flutter
    - fusion
  - fusion (0.0.1):
    - Flutter

DEPENDENCIES:
  - Flutter (from `../fusion_flutter_module/.ios/Flutter`)
  - FlutterPluginRegistrant (from `../fusion_flutter_module/.ios/Flutter/FlutterPluginRegistrant`)
  - fusion (from `../fusion_flutter_module/.ios/.symlinks/plugins/fusion/ios`)

EXTERNAL SOURCES:
  Flutter:
    :path: "../fusion_flutter_module/.ios/Flutter"
  FlutterPluginRegistrant:
    :path: "../fusion_flutter_module/.ios/Flutter/FlutterPluginRegistrant"
  fusion:
    :path: "../fusion_flutter_module/.ios/.symlinks/plugins/fusion/ios"

SPEC CHECKSUMS:
  Flutter: cabc95a1d2626b1b06e7179b784ebcf0c0cde467
  FlutterPluginRegistrant: f311390142d1912c6e968bbc024d18eca59a2c87
  fusion: afe4f1ce29ff9310fbf52ee99d1bcb8ef7392749

PODFILE CHECKSUM: 97b4b252cb944718d6496d021a8e89b18228dad7

COCOAPODS: 1.16.2
