PODS:
  - Flutter (1.0.0)
  - FlutterPluginRegistrant (0.0.1):
    - Flutter

DEPENDENCIES:
  - Flutter (from `../fusion_flutter_module/.ios/Flutter`)
  - FlutterPluginRegistrant (from `../fusion_flutter_module/.ios/Flutter/FlutterPluginRegistrant`)

EXTERNAL SOURCES:
  Flutter:
    :path: "../fusion_flutter_module/.ios/Flutter"
  FlutterPluginRegistrant:
    :path: "../fusion_flutter_module/.ios/Flutter/FlutterPluginRegistrant"

SPEC CHECKSUMS:
  Flutter: cabc95a1d2626b1b06e7179b784ebcf0c0cde467
  FlutterPluginRegistrant: 1bf2b93dcc6a731089dfe77f7a867be153c5008f

PODFILE CHECKSUM: b3a334d60e51ee8b6154bb9b00f3ca300606f788

COCOAPODS: 1.16.2
